// !$*UTF8*$!
{
	archiveVersion = 1;
	classes = {
	};
	objectVersion = 51;
	objects = {

/* Begin PBXBuildFile section */
		1103B72E25D857D3002C718A /* CustomFlowLayout.swift in Sources */ = {isa = PBXBuildFile; fileRef = 1103B72D25D857D3002C718A /* CustomFlowLayout.swift */; };
		1103B75025D8F443002C718A /* FavoriteCharacter.swift in Sources */ = {isa = PBXBuildFile; fileRef = 1103B74F25D8F443002C718A /* FavoriteCharacter.swift */; };
		1103B75D25D8F62C002C718A /* Database.swift in Sources */ = {isa = PBXBuildFile; fileRef = 1103B75C25D8F62C002C718A /* Database.swift */; };
		1103B76225D98502002C718A /* Favorite.storyboard in Resources */ = {isa = PBXBuildFile; fileRef = 1103B76125D98502002C718A /* Favorite.storyboard */; };
		1103B76725D999EA002C718A /* FavoriteViewController.swift in Sources */ = {isa = PBXBuildFile; fileRef = 1103B76625D999EA002C718A /* FavoriteViewController.swift */; };
		1103B76C25D99A07002C718A /* FavoritePresenter.swift in Sources */ = {isa = PBXBuildFile; fileRef = 1103B76B25D99A07002C718A /* FavoritePresenter.swift */; };
		1103B77125D99A14002C718A /* FavoriteInteractor.swift in Sources */ = {isa = PBXBuildFile; fileRef = 1103B77025D99A14002C718A /* FavoriteInteractor.swift */; };
		1103B77625D99A20002C718A /* FavoriteRouter.swift in Sources */ = {isa = PBXBuildFile; fileRef = 1103B77525D99A20002C718A /* FavoriteRouter.swift */; };
		1103B77C25D99A68002C718A /* AlertCell.swift in Sources */ = {isa = PBXBuildFile; fileRef = 1103B77A25D99A68002C718A /* AlertCell.swift */; };
		1103B77D25D99A68002C718A /* AlertCell.xib in Resources */ = {isa = PBXBuildFile; fileRef = 1103B77B25D99A68002C718A /* AlertCell.xib */; };
		111DAAD325DA4D15006A9E84 /* ResultExtras.swift in Sources */ = {isa = PBXBuildFile; fileRef = 111DAAD225DA4D15006A9E84 /* ResultExtras.swift */; };
		1133239725DA1D9A00783BDE /* DetailCharacterTableViewController.swift in Sources */ = {isa = PBXBuildFile; fileRef = 1133239625DA1D9A00783BDE /* DetailCharacterTableViewController.swift */; };
		1133239C25DA1E6A00783BDE /* ExtrasCollectionViewController.swift in Sources */ = {isa = PBXBuildFile; fileRef = 1133239B25DA1E6A00783BDE /* ExtrasCollectionViewController.swift */; };
		113323A125DA203900783BDE /* DetailCharacterPresenter.swift in Sources */ = {isa = PBXBuildFile; fileRef = 113323A025DA203900783BDE /* DetailCharacterPresenter.swift */; };
		113323A625DA204600783BDE /* DetailCharacterInteractor.swift in Sources */ = {isa = PBXBuildFile; fileRef = 113323A525DA204600783BDE /* DetailCharacterInteractor.swift */; };
		113323AB25DA205200783BDE /* DetailCharacterRouter.swift in Sources */ = {isa = PBXBuildFile; fileRef = 113323AA25DA205200783BDE /* DetailCharacterRouter.swift */; };
		113323B025DA206400783BDE /* DetailCharacterProtocol.swift in Sources */ = {isa = PBXBuildFile; fileRef = 113323AF25DA206400783BDE /* DetailCharacterProtocol.swift */; };
		113323BB25DA362800783BDE /* Extras.swift in Sources */ = {isa = PBXBuildFile; fileRef = 113323BA25DA362800783BDE /* Extras.swift */; };
		113B235025D9A73A000BE587 /* CharacterCell.swift in Sources */ = {isa = PBXBuildFile; fileRef = 113B234E25D9A73A000BE587 /* CharacterCell.swift */; };
		113B235125D9A73A000BE587 /* CharacterCell.xib in Resources */ = {isa = PBXBuildFile; fileRef = 113B234F25D9A73A000BE587 /* CharacterCell.xib */; };
		113B235B25D9AB8B000BE587 /* NibReusable.swift in Sources */ = {isa = PBXBuildFile; fileRef = 113B235A25D9AB8B000BE587 /* NibReusable.swift */; };
		113B236025D9AEAE000BE587 /* FavoriteProtocol.swift in Sources */ = {isa = PBXBuildFile; fileRef = 113B235F25D9AEAE000BE587 /* FavoriteProtocol.swift */; };
		113B236525D9BF64000BE587 /* MainTabBarController.swift in Sources */ = {isa = PBXBuildFile; fileRef = 113B236425D9BF64000BE587 /* MainTabBarController.swift */; };
		113B237525D9CCCF000BE587 /* Constantes.swift in Sources */ = {isa = PBXBuildFile; fileRef = 113B237425D9CCCF000BE587 /* Constantes.swift */; };
		116BACCE25DAFD4B00CDB67A /* CustomLayout.swift in Sources */ = {isa = PBXBuildFile; fileRef = 116BACCD25DAFD4B00CDB67A /* CustomLayout.swift */; };
		116BACD325DB097500CDB67A /* Endpoint.swift in Sources */ = {isa = PBXBuildFile; fileRef = 116BACD225DB097500CDB67A /* Endpoint.swift */; };
		116BACDB25DB0F1000CDB67A /* SeriesCollectionViewController.swift in Sources */ = {isa = PBXBuildFile; fileRef = 116BACDA25DB0F1000CDB67A /* SeriesCollectionViewController.swift */; };
		116BACEE25DB13C000CDB67A /* FavoriteTest.swift in Sources */ = {isa = PBXBuildFile; fileRef = 116BACED25DB13C000CDB67A /* FavoriteTest.swift */; };
		116BACF825DB393800CDB67A /* WidgetKit.framework in Frameworks */ = {isa = PBXBuildFile; fileRef = 116BACF725DB393800CDB67A /* WidgetKit.framework */; };
		116BACFA25DB393800CDB67A /* SwiftUI.framework in Frameworks */ = {isa = PBXBuildFile; fileRef = 116BACF925DB393800CDB67A /* SwiftUI.framework */; };
		116BACFD25DB393800CDB67A /* MarvelWidget.swift in Sources */ = {isa = PBXBuildFile; fileRef = 116BACFC25DB393800CDB67A /* MarvelWidget.swift */; };
		116BACFF25DB393D00CDB67A /* Assets.xcassets in Resources */ = {isa = PBXBuildFile; fileRef = 116BACFE25DB393D00CDB67A /* Assets.xcassets */; };
		116BAD0325DB393D00CDB67A /* MarvelWidgetExtension.appex in Embed App Extensions */ = {isa = PBXBuildFile; fileRef = 116BACF625DB393800CDB67A /* MarvelWidgetExtension.appex */; settings = {ATTRIBUTES = (RemoveHeadersOnCopy, ); }; };
		118B4D4525DAC0D0009939BB /* LoadingCell.swift in Sources */ = {isa = PBXBuildFile; fileRef = 118B4D4325DAC0D0009939BB /* LoadingCell.swift */; };
		118B4D4625DAC0D0009939BB /* LoadingCell.xib in Resources */ = {isa = PBXBuildFile; fileRef = 118B4D4425DAC0D0009939BB /* LoadingCell.xib */; };
		118B4D5D25DAF010009939BB /* NetworkManager.swift in Sources */ = {isa = PBXBuildFile; fileRef = 118B4D5C25DAF010009939BB /* NetworkManager.swift */; };
		11FCA6D725D75B8800BDD6E2 /* Character.swift in Sources */ = {isa = PBXBuildFile; fileRef = 11FCA6D625D75B8800BDD6E2 /* Character.swift */; };
		11FCA70425D76B4400BDD6E2 /* Result.swift in Sources */ = {isa = PBXBuildFile; fileRef = 11FCA70325D76B4400BDD6E2 /* Result.swift */; };
		11FCA70A25D76BBD00BDD6E2 /* StringExtension.swift in Sources */ = {isa = PBXBuildFile; fileRef = 11FCA70925D76BBD00BDD6E2 /* StringExtension.swift */; };
		11FCA74225D7817700BDD6E2 /* ListCharactersProtocol.swift in Sources */ = {isa = PBXBuildFile; fileRef = 11FCA74125D7817700BDD6E2 /* ListCharactersProtocol.swift */; };
		11FCA74F25D7856300BDD6E2 /* ListCharactersRouter.swift in Sources */ = {isa = PBXBuildFile; fileRef = 11FCA74E25D7856300BDD6E2 /* ListCharactersRouter.swift */; };
		11FF3A5D25D737B900C4DBE5 /* AppDelegate.swift in Sources */ = {isa = PBXBuildFile; fileRef = 11FF3A5C25D737B900C4DBE5 /* AppDelegate.swift */; };
		11FF3A5F25D737B900C4DBE5 /* SceneDelegate.swift in Sources */ = {isa = PBXBuildFile; fileRef = 11FF3A5E25D737B900C4DBE5 /* SceneDelegate.swift */; };
		11FF3A6425D737B900C4DBE5 /* Main.storyboard in Resources */ = {isa = PBXBuildFile; fileRef = 11FF3A6225D737B900C4DBE5 /* Main.storyboard */; };
		11FF3A6625D737BB00C4DBE5 /* Assets.xcassets in Resources */ = {isa = PBXBuildFile; fileRef = 11FF3A6525D737BB00C4DBE5 /* Assets.xcassets */; };
		11FF3A6925D737BB00C4DBE5 /* LaunchScreen.storyboard in Resources */ = {isa = PBXBuildFile; fileRef = 11FF3A6725D737BB00C4DBE5 /* LaunchScreen.storyboard */; };
		11FF3A7425D737BC00C4DBE5 /* MarvelAppTests.swift in Sources */ = {isa = PBXBuildFile; fileRef = 11FF3A7325D737BC00C4DBE5 /* MarvelAppTests.swift */; };
		11FF3A7F25D737BC00C4DBE5 /* MarvelAppUITests.swift in Sources */ = {isa = PBXBuildFile; fileRef = 11FF3A7E25D737BC00C4DBE5 /* MarvelAppUITests.swift */; };
		11FF3AA725D7437400C4DBE5 /* ListCharacters.storyboard in Resources */ = {isa = PBXBuildFile; fileRef = 11FF3AA625D7437400C4DBE5 /* ListCharacters.storyboard */; };
		11FF3AAF25D7483100C4DBE5 /* ListCharactersViewController.swift in Sources */ = {isa = PBXBuildFile; fileRef = 11FF3AAE25D7483100C4DBE5 /* ListCharactersViewController.swift */; };
		11FF3AB425D7485200C4DBE5 /* ListCharacterPresenter.swift in Sources */ = {isa = PBXBuildFile; fileRef = 11FF3AB325D7485200C4DBE5 /* ListCharacterPresenter.swift */; };
		11FF3AB925D7487500C4DBE5 /* ListCharactersInteractor.swift in Sources */ = {isa = PBXBuildFile; fileRef = 11FF3AB825D7487500C4DBE5 /* ListCharactersInteractor.swift */; };
		D255B20F0ADF166541B7D499 /* Pods_MarvelApp.framework in Frameworks */ = {isa = PBXBuildFile; fileRef = 11532AE14AE6CEE1AE1CFF35 /* Pods_MarvelApp.framework */; };
/* End PBXBuildFile section */

/* Begin PBXContainerItemProxy section */
		116BAD0125DB393D00CDB67A /* PBXContainerItemProxy */ = {
			isa = PBXContainerItemProxy;
			containerPortal = 11FF3A5125D737B900C4DBE5 /* Project object */;
			proxyType = 1;
			remoteGlobalIDString = 116BACF525DB393800CDB67A;
			remoteInfo = MarvelWidgetExtension;
		};
		11FF3A7025D737BC00C4DBE5 /* PBXContainerItemProxy */ = {
			isa = PBXContainerItemProxy;
			containerPortal = 11FF3A5125D737B900C4DBE5 /* Project object */;
			proxyType = 1;
			remoteGlobalIDString = 11FF3A5825D737B900C4DBE5;
			remoteInfo = MarvelApp;
		};
		11FF3A7B25D737BC00C4DBE5 /* PBXContainerItemProxy */ = {
			isa = PBXContainerItemProxy;
			containerPortal = 11FF3A5125D737B900C4DBE5 /* Project object */;
			proxyType = 1;
			remoteGlobalIDString = 11FF3A5825D737B900C4DBE5;
			remoteInfo = MarvelApp;
		};
/* End PBXContainerItemProxy section */

/* Begin PBXCopyFilesBuildPhase section */
		116BAD0725DB393D00CDB67A /* Embed App Extensions */ = {
			isa = PBXCopyFilesBuildPhase;
			buildActionMask = 2147483647;
			dstPath = "";
			dstSubfolderSpec = 13;
			files = (
				116BAD0325DB393D00CDB67A /* MarvelWidgetExtension.appex in Embed App Extensions */,
			);
			name = "Embed App Extensions";
			runOnlyForDeploymentPostprocessing = 0;
		};
/* End PBXCopyFilesBuildPhase section */

/* Begin PBXFileReference section */
		1103B72D25D857D3002C718A /* CustomFlowLayout.swift */ = {isa = PBXFileReference; lastKnownFileType = sourcecode.swift; path = CustomFlowLayout.swift; sourceTree = "<group>"; };
		1103B74F25D8F443002C718A /* FavoriteCharacter.swift */ = {isa = PBXFileReference; lastKnownFileType = sourcecode.swift; path = FavoriteCharacter.swift; sourceTree = "<group>"; };
		1103B75C25D8F62C002C718A /* Database.swift */ = {isa = PBXFileReference; lastKnownFileType = sourcecode.swift; path = Database.swift; sourceTree = "<group>"; };
		1103B76125D98502002C718A /* Favorite.storyboard */ = {isa = PBXFileReference; lastKnownFileType = file.storyboard; path = Favorite.storyboard; sourceTree = "<group>"; };
		1103B76625D999EA002C718A /* FavoriteViewController.swift */ = {isa = PBXFileReference; lastKnownFileType = sourcecode.swift; path = FavoriteViewController.swift; sourceTree = "<group>"; };
		1103B76B25D99A07002C718A /* FavoritePresenter.swift */ = {isa = PBXFileReference; lastKnownFileType = sourcecode.swift; path = FavoritePresenter.swift; sourceTree = "<group>"; };
		1103B77025D99A14002C718A /* FavoriteInteractor.swift */ = {isa = PBXFileReference; lastKnownFileType = sourcecode.swift; path = FavoriteInteractor.swift; sourceTree = "<group>"; };
		1103B77525D99A20002C718A /* FavoriteRouter.swift */ = {isa = PBXFileReference; lastKnownFileType = sourcecode.swift; path = FavoriteRouter.swift; sourceTree = "<group>"; };
		1103B77A25D99A68002C718A /* AlertCell.swift */ = {isa = PBXFileReference; lastKnownFileType = sourcecode.swift; path = AlertCell.swift; sourceTree = "<group>"; };
		1103B77B25D99A68002C718A /* AlertCell.xib */ = {isa = PBXFileReference; lastKnownFileType = file.xib; path = AlertCell.xib; sourceTree = "<group>"; };
		111DAAD225DA4D15006A9E84 /* ResultExtras.swift */ = {isa = PBXFileReference; lastKnownFileType = sourcecode.swift; path = ResultExtras.swift; sourceTree = "<group>"; };
		1133239625DA1D9A00783BDE /* DetailCharacterTableViewController.swift */ = {isa = PBXFileReference; lastKnownFileType = sourcecode.swift; path = DetailCharacterTableViewController.swift; sourceTree = "<group>"; };
		1133239B25DA1E6A00783BDE /* ExtrasCollectionViewController.swift */ = {isa = PBXFileReference; lastKnownFileType = sourcecode.swift; path = ExtrasCollectionViewController.swift; sourceTree = "<group>"; };
		113323A025DA203900783BDE /* DetailCharacterPresenter.swift */ = {isa = PBXFileReference; lastKnownFileType = sourcecode.swift; path = DetailCharacterPresenter.swift; sourceTree = "<group>"; };
		113323A525DA204600783BDE /* DetailCharacterInteractor.swift */ = {isa = PBXFileReference; lastKnownFileType = sourcecode.swift; path = DetailCharacterInteractor.swift; sourceTree = "<group>"; };
		113323AA25DA205200783BDE /* DetailCharacterRouter.swift */ = {isa = PBXFileReference; lastKnownFileType = sourcecode.swift; path = DetailCharacterRouter.swift; sourceTree = "<group>"; };
		113323AF25DA206400783BDE /* DetailCharacterProtocol.swift */ = {isa = PBXFileReference; lastKnownFileType = sourcecode.swift; path = DetailCharacterProtocol.swift; sourceTree = "<group>"; };
		113323BA25DA362800783BDE /* Extras.swift */ = {isa = PBXFileReference; lastKnownFileType = sourcecode.swift; path = Extras.swift; sourceTree = "<group>"; };
		113B234E25D9A73A000BE587 /* CharacterCell.swift */ = {isa = PBXFileReference; lastKnownFileType = sourcecode.swift; path = CharacterCell.swift; sourceTree = "<group>"; };
		113B234F25D9A73A000BE587 /* CharacterCell.xib */ = {isa = PBXFileReference; lastKnownFileType = file.xib; path = CharacterCell.xib; sourceTree = "<group>"; };
		113B235A25D9AB8B000BE587 /* NibReusable.swift */ = {isa = PBXFileReference; lastKnownFileType = sourcecode.swift; path = NibReusable.swift; sourceTree = "<group>"; };
		113B235F25D9AEAE000BE587 /* FavoriteProtocol.swift */ = {isa = PBXFileReference; lastKnownFileType = sourcecode.swift; path = FavoriteProtocol.swift; sourceTree = "<group>"; };
		113B236425D9BF64000BE587 /* MainTabBarController.swift */ = {isa = PBXFileReference; lastKnownFileType = sourcecode.swift; path = MainTabBarController.swift; sourceTree = "<group>"; };
		113B237425D9CCCF000BE587 /* Constantes.swift */ = {isa = PBXFileReference; lastKnownFileType = sourcecode.swift; path = Constantes.swift; sourceTree = "<group>"; };
		11532AE14AE6CEE1AE1CFF35 /* Pods_MarvelApp.framework */ = {isa = PBXFileReference; explicitFileType = wrapper.framework; includeInIndex = 0; path = Pods_MarvelApp.framework; sourceTree = BUILT_PRODUCTS_DIR; };
		116BACCD25DAFD4B00CDB67A /* CustomLayout.swift */ = {isa = PBXFileReference; lastKnownFileType = sourcecode.swift; path = CustomLayout.swift; sourceTree = "<group>"; };
		116BACD225DB097500CDB67A /* Endpoint.swift */ = {isa = PBXFileReference; fileEncoding = 4; lastKnownFileType = sourcecode.swift; name = Endpoint.swift; path = MarvelApp/Common/Endpoint.swift; sourceTree = SOURCE_ROOT; };
		116BACDA25DB0F1000CDB67A /* SeriesCollectionViewController.swift */ = {isa = PBXFileReference; lastKnownFileType = sourcecode.swift; path = SeriesCollectionViewController.swift; sourceTree = "<group>"; };
		116BACED25DB13C000CDB67A /* FavoriteTest.swift */ = {isa = PBXFileReference; lastKnownFileType = sourcecode.swift; path = FavoriteTest.swift; sourceTree = "<group>"; };
		116BACF625DB393800CDB67A /* MarvelWidgetExtension.appex */ = {isa = PBXFileReference; explicitFileType = "wrapper.app-extension"; includeInIndex = 0; path = MarvelWidgetExtension.appex; sourceTree = BUILT_PRODUCTS_DIR; };
		116BACF725DB393800CDB67A /* WidgetKit.framework */ = {isa = PBXFileReference; lastKnownFileType = wrapper.framework; name = WidgetKit.framework; path = System/Library/Frameworks/WidgetKit.framework; sourceTree = SDKROOT; };
		116BACF925DB393800CDB67A /* SwiftUI.framework */ = {isa = PBXFileReference; lastKnownFileType = wrapper.framework; name = SwiftUI.framework; path = System/Library/Frameworks/SwiftUI.framework; sourceTree = SDKROOT; };
		116BACFC25DB393800CDB67A /* MarvelWidget.swift */ = {isa = PBXFileReference; lastKnownFileType = sourcecode.swift; path = MarvelWidget.swift; sourceTree = "<group>"; };
		116BACFE25DB393D00CDB67A /* Assets.xcassets */ = {isa = PBXFileReference; lastKnownFileType = folder.assetcatalog; path = Assets.xcassets; sourceTree = "<group>"; };
		116BAD0025DB393D00CDB67A /* Info.plist */ = {isa = PBXFileReference; lastKnownFileType = text.plist.xml; path = Info.plist; sourceTree = "<group>"; };
		116BAD5A25DBEFD600CDB67A /* MarvelApp.entitlements */ = {isa = PBXFileReference; fileEncoding = 4; lastKnownFileType = text.plist.entitlements; name = MarvelApp.entitlements; path = MarvelApp/MarvelApp.entitlements; sourceTree = "<group>"; };
		116BAD5B25DBEFEC00CDB67A /* MarvelWidgetExtension.entitlements */ = {isa = PBXFileReference; fileEncoding = 4; lastKnownFileType = text.plist.entitlements; path = MarvelWidgetExtension.entitlements; sourceTree = SOURCE_ROOT; };
		116BAD7C25DC0EFF00CDB67A /* Pods_MarvelApp.framework */ = {isa = PBXFileReference; explicitFileType = wrapper.framework; path = Pods_MarvelApp.framework; sourceTree = BUILT_PRODUCTS_DIR; };
		118B4D4325DAC0D0009939BB /* LoadingCell.swift */ = {isa = PBXFileReference; lastKnownFileType = sourcecode.swift; path = LoadingCell.swift; sourceTree = "<group>"; };
		118B4D4425DAC0D0009939BB /* LoadingCell.xib */ = {isa = PBXFileReference; lastKnownFileType = file.xib; path = LoadingCell.xib; sourceTree = "<group>"; };
		118B4D5C25DAF010009939BB /* NetworkManager.swift */ = {isa = PBXFileReference; lastKnownFileType = sourcecode.swift; path = NetworkManager.swift; sourceTree = "<group>"; };
		11FCA6D625D75B8800BDD6E2 /* Character.swift */ = {isa = PBXFileReference; lastKnownFileType = sourcecode.swift; path = Character.swift; sourceTree = "<group>"; };
		11FCA70325D76B4400BDD6E2 /* Result.swift */ = {isa = PBXFileReference; lastKnownFileType = sourcecode.swift; path = Result.swift; sourceTree = "<group>"; };
		11FCA70925D76BBD00BDD6E2 /* StringExtension.swift */ = {isa = PBXFileReference; lastKnownFileType = sourcecode.swift; path = StringExtension.swift; sourceTree = "<group>"; };
		11FCA74125D7817700BDD6E2 /* ListCharactersProtocol.swift */ = {isa = PBXFileReference; lastKnownFileType = sourcecode.swift; path = ListCharactersProtocol.swift; sourceTree = "<group>"; };
		11FCA74E25D7856300BDD6E2 /* ListCharactersRouter.swift */ = {isa = PBXFileReference; lastKnownFileType = sourcecode.swift; path = ListCharactersRouter.swift; sourceTree = "<group>"; };
		11FF3A5925D737B900C4DBE5 /* MarvelApp.app */ = {isa = PBXFileReference; explicitFileType = wrapper.application; includeInIndex = 0; path = MarvelApp.app; sourceTree = BUILT_PRODUCTS_DIR; };
		11FF3A5C25D737B900C4DBE5 /* AppDelegate.swift */ = {isa = PBXFileReference; lastKnownFileType = sourcecode.swift; path = AppDelegate.swift; sourceTree = "<group>"; };
		11FF3A5E25D737B900C4DBE5 /* SceneDelegate.swift */ = {isa = PBXFileReference; lastKnownFileType = sourcecode.swift; path = SceneDelegate.swift; sourceTree = "<group>"; };
		11FF3A6325D737B900C4DBE5 /* Base */ = {isa = PBXFileReference; lastKnownFileType = file.storyboard; name = Base; path = Base.lproj/Main.storyboard; sourceTree = "<group>"; };
		11FF3A6525D737BB00C4DBE5 /* Assets.xcassets */ = {isa = PBXFileReference; lastKnownFileType = folder.assetcatalog; path = Assets.xcassets; sourceTree = "<group>"; };
		11FF3A6825D737BB00C4DBE5 /* Base */ = {isa = PBXFileReference; lastKnownFileType = file.storyboard; name = Base; path = Base.lproj/LaunchScreen.storyboard; sourceTree = "<group>"; };
		11FF3A6A25D737BB00C4DBE5 /* Info.plist */ = {isa = PBXFileReference; lastKnownFileType = text.plist.xml; path = Info.plist; sourceTree = "<group>"; };
		11FF3A6F25D737BC00C4DBE5 /* MarvelAppTests.xctest */ = {isa = PBXFileReference; explicitFileType = wrapper.cfbundle; includeInIndex = 0; path = MarvelAppTests.xctest; sourceTree = BUILT_PRODUCTS_DIR; };
		11FF3A7325D737BC00C4DBE5 /* MarvelAppTests.swift */ = {isa = PBXFileReference; lastKnownFileType = sourcecode.swift; path = MarvelAppTests.swift; sourceTree = "<group>"; };
		11FF3A7525D737BC00C4DBE5 /* Info.plist */ = {isa = PBXFileReference; lastKnownFileType = text.plist.xml; path = Info.plist; sourceTree = "<group>"; };
		11FF3A7A25D737BC00C4DBE5 /* MarvelAppUITests.xctest */ = {isa = PBXFileReference; explicitFileType = wrapper.cfbundle; includeInIndex = 0; path = MarvelAppUITests.xctest; sourceTree = BUILT_PRODUCTS_DIR; };
		11FF3A7E25D737BC00C4DBE5 /* MarvelAppUITests.swift */ = {isa = PBXFileReference; lastKnownFileType = sourcecode.swift; path = MarvelAppUITests.swift; sourceTree = "<group>"; };
		11FF3A8025D737BC00C4DBE5 /* Info.plist */ = {isa = PBXFileReference; lastKnownFileType = text.plist.xml; path = Info.plist; sourceTree = "<group>"; };
		11FF3AA625D7437400C4DBE5 /* ListCharacters.storyboard */ = {isa = PBXFileReference; lastKnownFileType = file.storyboard; path = ListCharacters.storyboard; sourceTree = "<group>"; };
		11FF3AAE25D7483100C4DBE5 /* ListCharactersViewController.swift */ = {isa = PBXFileReference; lastKnownFileType = sourcecode.swift; path = ListCharactersViewController.swift; sourceTree = "<group>"; };
		11FF3AB325D7485200C4DBE5 /* ListCharacterPresenter.swift */ = {isa = PBXFileReference; lastKnownFileType = sourcecode.swift; path = ListCharacterPresenter.swift; sourceTree = "<group>"; };
		11FF3AB825D7487500C4DBE5 /* ListCharactersInteractor.swift */ = {isa = PBXFileReference; lastKnownFileType = sourcecode.swift; path = ListCharactersInteractor.swift; sourceTree = "<group>"; };
		95DECADC2EE6986524A7B3B8 /* Pods-MarvelApp.release.xcconfig */ = {isa = PBXFileReference; includeInIndex = 1; lastKnownFileType = text.xcconfig; name = "Pods-MarvelApp.release.xcconfig"; path = "Target Support Files/Pods-MarvelApp/Pods-MarvelApp.release.xcconfig"; sourceTree = "<group>"; };
		E879E76BBF356B5AFBC52147 /* Pods-MarvelApp.debug.xcconfig */ = {isa = PBXFileReference; includeInIndex = 1; lastKnownFileType = text.xcconfig; name = "Pods-MarvelApp.debug.xcconfig"; path = "Target Support Files/Pods-MarvelApp/Pods-MarvelApp.debug.xcconfig"; sourceTree = "<group>"; };
/* End PBXFileReference section */

/* Begin PBXFrameworksBuildPhase section */
		116BACF325DB393800CDB67A /* Frameworks */ = {
			isa = PBXFrameworksBuildPhase;
			buildActionMask = 2147483647;
			files = (
				116BACFA25DB393800CDB67A /* SwiftUI.framework in Frameworks */,
				116BACF825DB393800CDB67A /* WidgetKit.framework in Frameworks */,
			);
			runOnlyForDeploymentPostprocessing = 0;
		};
		11FF3A5625D737B900C4DBE5 /* Frameworks */ = {
			isa = PBXFrameworksBuildPhase;
			buildActionMask = 2147483647;
			files = (
				D255B20F0ADF166541B7D499 /* Pods_MarvelApp.framework in Frameworks */,
			);
			runOnlyForDeploymentPostprocessing = 0;
		};
		11FF3A6C25D737BC00C4DBE5 /* Frameworks */ = {
			isa = PBXFrameworksBuildPhase;
			buildActionMask = 2147483647;
			files = (
			);
			runOnlyForDeploymentPostprocessing = 0;
		};
		11FF3A7725D737BC00C4DBE5 /* Frameworks */ = {
			isa = PBXFrameworksBuildPhase;
			buildActionMask = 2147483647;
			files = (
			);
			runOnlyForDeploymentPostprocessing = 0;
		};
/* End PBXFrameworksBuildPhase section */

/* Begin PBXGroup section */
		1103B71125D8311A002C718A /* Cell */ = {
			isa = PBXGroup;
			children = (
				1103B72D25D857D3002C718A /* CustomFlowLayout.swift */,
				1103B77A25D99A68002C718A /* AlertCell.swift */,
				1103B77B25D99A68002C718A /* AlertCell.xib */,
				113B234E25D9A73A000BE587 /* CharacterCell.swift */,
				113B234F25D9A73A000BE587 /* CharacterCell.xib */,
				118B4D4325DAC0D0009939BB /* LoadingCell.swift */,
				118B4D4425DAC0D0009939BB /* LoadingCell.xib */,
			);
			path = Cell;
			sourceTree = "<group>";
		};
		1133238F25D9DD3500783BDE /* Storyboards */ = {
			isa = PBXGroup;
			children = (
				1103B76125D98502002C718A /* Favorite.storyboard */,
				11FF3AA625D7437400C4DBE5 /* ListCharacters.storyboard */,
			);
			path = Storyboards;
			sourceTree = "<group>";
		};
		113323BF25DA40B400783BDE /* Extras */ = {
			isa = PBXGroup;
			children = (
				1133239B25DA1E6A00783BDE /* ExtrasCollectionViewController.swift */,
				116BACDA25DB0F1000CDB67A /* SeriesCollectionViewController.swift */,
			);
			path = Extras;
			sourceTree = "<group>";
		};
		113B237925D9CDD8000BE587 /* Base */ = {
			isa = PBXGroup;
			children = (
				11FF3A5E25D737B900C4DBE5 /* SceneDelegate.swift */,
				11FF3A6225D737B900C4DBE5 /* Main.storyboard */,
				113B236425D9BF64000BE587 /* MainTabBarController.swift */,
				11FF3A5C25D737B900C4DBE5 /* AppDelegate.swift */,
			);
			path = Base;
			sourceTree = "<group>";
		};
		116BACE125DB12E900CDB67A /* Favorite */ = {
			isa = PBXGroup;
			children = (
				116BACED25DB13C000CDB67A /* FavoriteTest.swift */,
			);
			path = Favorite;
			sourceTree = "<group>";
		};
		116BACFB25DB393800CDB67A /* MarvelWidget */ = {
			isa = PBXGroup;
			children = (
				116BAD5B25DBEFEC00CDB67A /* MarvelWidgetExtension.entitlements */,
				116BACFC25DB393800CDB67A /* MarvelWidget.swift */,
				116BACFE25DB393D00CDB67A /* Assets.xcassets */,
				116BAD0025DB393D00CDB67A /* Info.plist */,
			);
			path = MarvelWidget;
			sourceTree = "<group>";
		};
		118B4D6125DAF7FA009939BB /* Network */ = {
			isa = PBXGroup;
			children = (
				116BACD225DB097500CDB67A /* Endpoint.swift */,
				118B4D5C25DAF010009939BB /* NetworkManager.swift */,
			);
			path = Network;
			sourceTree = "<group>";
		};
		11FCA6D525D75B3100BDD6E2 /* Entites */ = {
			isa = PBXGroup;
			children = (
				11FCA6D625D75B8800BDD6E2 /* Character.swift */,
				11FCA70325D76B4400BDD6E2 /* Result.swift */,
				1103B74F25D8F443002C718A /* FavoriteCharacter.swift */,
				113323BA25DA362800783BDE /* Extras.swift */,
				111DAAD225DA4D15006A9E84 /* ResultExtras.swift */,
				116BACCD25DAFD4B00CDB67A /* CustomLayout.swift */,
			);
			path = Entites;
			sourceTree = "<group>";
		};
		11FCA70825D76B9400BDD6E2 /* Common */ = {
			isa = PBXGroup;
			children = (
				118B4D6125DAF7FA009939BB /* Network */,
				1133238F25D9DD3500783BDE /* Storyboards */,
				11FCA6D525D75B3100BDD6E2 /* Entites */,
				1103B71125D8311A002C718A /* Cell */,
				11FCA70925D76BBD00BDD6E2 /* StringExtension.swift */,
				1103B75C25D8F62C002C718A /* Database.swift */,
				113B235A25D9AB8B000BE587 /* NibReusable.swift */,
				113B237425D9CCCF000BE587 /* Constantes.swift */,
			);
			path = Common;
			sourceTree = "<group>";
		};
		11FF3A5025D737B900C4DBE5 = {
			isa = PBXGroup;
			children = (
				116BAD5A25DBEFD600CDB67A /* MarvelApp.entitlements */,
				11FF3A5B25D737B900C4DBE5 /* MarvelApp */,
				11FF3A7225D737BC00C4DBE5 /* MarvelAppTests */,
				11FF3A7D25D737BC00C4DBE5 /* MarvelAppUITests */,
				116BACFB25DB393800CDB67A /* MarvelWidget */,
				11FF3A5A25D737B900C4DBE5 /* Products */,
				7C247544B16D1A1BDB48221A /* Pods */,
				D58860CA79B5063957FFCE73 /* Frameworks */,
			);
			sourceTree = "<group>";
		};
		11FF3A5A25D737B900C4DBE5 /* Products */ = {
			isa = PBXGroup;
			children = (
				11FF3A5925D737B900C4DBE5 /* MarvelApp.app */,
				11FF3A6F25D737BC00C4DBE5 /* MarvelAppTests.xctest */,
				11FF3A7A25D737BC00C4DBE5 /* MarvelAppUITests.xctest */,
				116BACF625DB393800CDB67A /* MarvelWidgetExtension.appex */,
			);
			name = Products;
			sourceTree = "<group>";
		};
		11FF3A5B25D737B900C4DBE5 /* MarvelApp */ = {
			isa = PBXGroup;
			children = (
				113B237925D9CDD8000BE587 /* Base */,
				11FCA70825D76B9400BDD6E2 /* Common */,
				11FF3A9725D73E2600C4DBE5 /* Modules */,
				11FF3A6525D737BB00C4DBE5 /* Assets.xcassets */,
				11FF3A6725D737BB00C4DBE5 /* LaunchScreen.storyboard */,
				11FF3A6A25D737BB00C4DBE5 /* Info.plist */,
			);
			path = MarvelApp;
			sourceTree = "<group>";
		};
		11FF3A7225D737BC00C4DBE5 /* MarvelAppTests */ = {
			isa = PBXGroup;
			children = (
				116BACE125DB12E900CDB67A /* Favorite */,
				11FF3A7325D737BC00C4DBE5 /* MarvelAppTests.swift */,
				11FF3A7525D737BC00C4DBE5 /* Info.plist */,
			);
			path = MarvelAppTests;
			sourceTree = "<group>";
		};
		11FF3A7D25D737BC00C4DBE5 /* MarvelAppUITests */ = {
			isa = PBXGroup;
			children = (
				11FF3A7E25D737BC00C4DBE5 /* MarvelAppUITests.swift */,
				11FF3A8025D737BC00C4DBE5 /* Info.plist */,
			);
			path = MarvelAppUITests;
			sourceTree = "<group>";
		};
		11FF3A9725D73E2600C4DBE5 /* Modules */ = {
			isa = PBXGroup;
			children = (
				11FF3A9A25D73E7F00C4DBE5 /* Favorite */,
				11FF3A9925D73E4000C4DBE5 /* Detail */,
				11FF3A9825D73E3A00C4DBE5 /* ListCharacters */,
			);
			path = Modules;
			sourceTree = "<group>";
		};
		11FF3A9825D73E3A00C4DBE5 /* ListCharacters */ = {
			isa = PBXGroup;
			children = (
				11FF3AAE25D7483100C4DBE5 /* ListCharactersViewController.swift */,
				11FF3AB325D7485200C4DBE5 /* ListCharacterPresenter.swift */,
				11FF3AB825D7487500C4DBE5 /* ListCharactersInteractor.swift */,
				11FCA74125D7817700BDD6E2 /* ListCharactersProtocol.swift */,
				11FCA74E25D7856300BDD6E2 /* ListCharactersRouter.swift */,
			);
			path = ListCharacters;
			sourceTree = "<group>";
		};
		11FF3A9925D73E4000C4DBE5 /* Detail */ = {
			isa = PBXGroup;
			children = (
				113323BF25DA40B400783BDE /* Extras */,
				1133239625DA1D9A00783BDE /* DetailCharacterTableViewController.swift */,
				113323A025DA203900783BDE /* DetailCharacterPresenter.swift */,
				113323A525DA204600783BDE /* DetailCharacterInteractor.swift */,
				113323AA25DA205200783BDE /* DetailCharacterRouter.swift */,
				113323AF25DA206400783BDE /* DetailCharacterProtocol.swift */,
			);
			path = Detail;
			sourceTree = "<group>";
		};
		11FF3A9A25D73E7F00C4DBE5 /* Favorite */ = {
			isa = PBXGroup;
			children = (
				113B235F25D9AEAE000BE587 /* FavoriteProtocol.swift */,
				1103B76625D999EA002C718A /* FavoriteViewController.swift */,
				1103B76B25D99A07002C718A /* FavoritePresenter.swift */,
				1103B77025D99A14002C718A /* FavoriteInteractor.swift */,
				1103B77525D99A20002C718A /* FavoriteRouter.swift */,
			);
			path = Favorite;
			sourceTree = "<group>";
		};
		7C247544B16D1A1BDB48221A /* Pods */ = {
			isa = PBXGroup;
			children = (
				E879E76BBF356B5AFBC52147 /* Pods-MarvelApp.debug.xcconfig */,
				95DECADC2EE6986524A7B3B8 /* Pods-MarvelApp.release.xcconfig */,
			);
			path = Pods;
			sourceTree = "<group>";
		};
		D58860CA79B5063957FFCE73 /* Frameworks */ = {
			isa = PBXGroup;
			children = (
				116BAD7C25DC0EFF00CDB67A /* Pods_MarvelApp.framework */,
				11532AE14AE6CEE1AE1CFF35 /* Pods_MarvelApp.framework */,
				116BACF725DB393800CDB67A /* WidgetKit.framework */,
				116BACF925DB393800CDB67A /* SwiftUI.framework */,
			);
			name = Frameworks;
			sourceTree = "<group>";
		};
/* End PBXGroup section */

/* Begin PBXNativeTarget section */
		116BACF525DB393800CDB67A /* MarvelWidgetExtension */ = {
			isa = PBXNativeTarget;
			buildConfigurationList = 116BAD0425DB393D00CDB67A /* Build configuration list for PBXNativeTarget "MarvelWidgetExtension" */;
			buildPhases = (
				116BACF225DB393800CDB67A /* Sources */,
				116BACF325DB393800CDB67A /* Frameworks */,
				116BACF425DB393800CDB67A /* Resources */,
			);
			buildRules = (
			);
			dependencies = (
			);
			name = MarvelWidgetExtension;
			productName = MarvelWidgetExtension;
			productReference = 116BACF625DB393800CDB67A /* MarvelWidgetExtension.appex */;
			productType = "com.apple.product-type.app-extension";
		};
		11FF3A5825D737B900C4DBE5 /* MarvelApp */ = {
			isa = PBXNativeTarget;
			buildConfigurationList = 11FF3A8325D737BC00C4DBE5 /* Build configuration list for PBXNativeTarget "MarvelApp" */;
			buildPhases = (
				B88594B2523BD70B8D34BC9C /* [CP] Check Pods Manifest.lock */,
				11FF3A5525D737B900C4DBE5 /* Sources */,
				11FF3A5625D737B900C4DBE5 /* Frameworks */,
				11FF3A5725D737B900C4DBE5 /* Resources */,
				D0E7268E6A8B6AED7FC60532 /* [CP] Embed Pods Frameworks */,
				116BAD0725DB393D00CDB67A /* Embed App Extensions */,
			);
			buildRules = (
			);
			dependencies = (
				116BAD0225DB393D00CDB67A /* PBXTargetDependency */,
			);
			name = MarvelApp;
			productName = MarvelApp;
			productReference = 11FF3A5925D737B900C4DBE5 /* MarvelApp.app */;
			productType = "com.apple.product-type.application";
		};
		11FF3A6E25D737BC00C4DBE5 /* MarvelAppTests */ = {
			isa = PBXNativeTarget;
			buildConfigurationList = 11FF3A8625D737BC00C4DBE5 /* Build configuration list for PBXNativeTarget "MarvelAppTests" */;
			buildPhases = (
				11FF3A6B25D737BC00C4DBE5 /* Sources */,
				11FF3A6C25D737BC00C4DBE5 /* Frameworks */,
				11FF3A6D25D737BC00C4DBE5 /* Resources */,
			);
			buildRules = (
			);
			dependencies = (
				11FF3A7125D737BC00C4DBE5 /* PBXTargetDependency */,
			);
			name = MarvelAppTests;
			productName = MarvelAppTests;
			productReference = 11FF3A6F25D737BC00C4DBE5 /* MarvelAppTests.xctest */;
			productType = "com.apple.product-type.bundle.unit-test";
		};
		11FF3A7925D737BC00C4DBE5 /* MarvelAppUITests */ = {
			isa = PBXNativeTarget;
			buildConfigurationList = 11FF3A8925D737BC00C4DBE5 /* Build configuration list for PBXNativeTarget "MarvelAppUITests" */;
			buildPhases = (
				11FF3A7625D737BC00C4DBE5 /* Sources */,
				11FF3A7725D737BC00C4DBE5 /* Frameworks */,
				11FF3A7825D737BC00C4DBE5 /* Resources */,
			);
			buildRules = (
			);
			dependencies = (
				11FF3A7C25D737BC00C4DBE5 /* PBXTargetDependency */,
			);
			name = MarvelAppUITests;
			productName = MarvelAppUITests;
			productReference = 11FF3A7A25D737BC00C4DBE5 /* MarvelAppUITests.xctest */;
			productType = "com.apple.product-type.bundle.ui-testing";
		};
/* End PBXNativeTarget section */

/* Begin PBXProject section */
		11FF3A5125D737B900C4DBE5 /* Project object */ = {
			isa = PBXProject;
			attributes = {
				LastSwiftUpdateCheck = 1230;
				LastUpgradeCheck = 1230;
				TargetAttributes = {
					116BACF525DB393800CDB67A = {
						CreatedOnToolsVersion = 12.3;
					};
					11FF3A5825D737B900C4DBE5 = {
						CreatedOnToolsVersion = 12.3;
					};
					11FF3A6E25D737BC00C4DBE5 = {
						CreatedOnToolsVersion = 12.3;
						TestTargetID = 11FF3A5825D737B900C4DBE5;
					};
					11FF3A7925D737BC00C4DBE5 = {
						CreatedOnToolsVersion = 12.3;
						TestTargetID = 11FF3A5825D737B900C4DBE5;
					};
				};
			};
			buildConfigurationList = 11FF3A5425D737B900C4DBE5 /* Build configuration list for PBXProject "MarvelApp" */;
			compatibilityVersion = "Xcode 9.3";
			developmentRegion = en;
			hasScannedForEncodings = 0;
			knownRegions = (
				en,
				Base,
			);
			mainGroup = 11FF3A5025D737B900C4DBE5;
			productRefGroup = 11FF3A5A25D737B900C4DBE5 /* Products */;
			projectDirPath = "";
			projectRoot = "";
			targets = (
				11FF3A5825D737B900C4DBE5 /* MarvelApp */,
				11FF3A6E25D737BC00C4DBE5 /* MarvelAppTests */,
				11FF3A7925D737BC00C4DBE5 /* MarvelAppUITests */,
				116BACF525DB393800CDB67A /* MarvelWidgetExtension */,
			);
		};
/* End PBXProject section */

/* Begin PBXResourcesBuildPhase section */
		116BACF425DB393800CDB67A /* Resources */ = {
			isa = PBXResourcesBuildPhase;
			buildActionMask = 2147483647;
			files = (
				116BACFF25DB393D00CDB67A /* Assets.xcassets in Resources */,
			);
			runOnlyForDeploymentPostprocessing = 0;
		};
		11FF3A5725D737B900C4DBE5 /* Resources */ = {
			isa = PBXResourcesBuildPhase;
			buildActionMask = 2147483647;
			files = (
				113B235125D9A73A000BE587 /* CharacterCell.xib in Resources */,
				11FF3AA725D7437400C4DBE5 /* ListCharacters.storyboard in Resources */,
				11FF3A6925D737BB00C4DBE5 /* LaunchScreen.storyboard in Resources */,
				11FF3A6625D737BB00C4DBE5 /* Assets.xcassets in Resources */,
				1103B76225D98502002C718A /* Favorite.storyboard in Resources */,
				1103B77D25D99A68002C718A /* AlertCell.xib in Resources */,
				118B4D4625DAC0D0009939BB /* LoadingCell.xib in Resources */,
				11FF3A6425D737B900C4DBE5 /* Main.storyboard in Resources */,
			);
			runOnlyForDeploymentPostprocessing = 0;
		};
		11FF3A6D25D737BC00C4DBE5 /* Resources */ = {
			isa = PBXResourcesBuildPhase;
			buildActionMask = 2147483647;
			files = (
			);
			runOnlyForDeploymentPostprocessing = 0;
		};
		11FF3A7825D737BC00C4DBE5 /* Resources */ = {
			isa = PBXResourcesBuildPhase;
			buildActionMask = 2147483647;
			files = (
			);
			runOnlyForDeploymentPostprocessing = 0;
		};
/* End PBXResourcesBuildPhase section */

/* Begin PBXShellScriptBuildPhase section */
		B88594B2523BD70B8D34BC9C /* [CP] Check Pods Manifest.lock */ = {
			isa = PBXShellScriptBuildPhase;
			buildActionMask = 2147483647;
			files = (
			);
			inputFileListPaths = (
			);
			inputPaths = (
				"${PODS_PODFILE_DIR_PATH}/Podfile.lock",
				"${PODS_ROOT}/Manifest.lock",
			);
			name = "[CP] Check Pods Manifest.lock";
			outputFileListPaths = (
			);
			outputPaths = (
				"$(DERIVED_FILE_DIR)/Pods-MarvelApp-checkManifestLockResult.txt",
			);
			runOnlyForDeploymentPostprocessing = 0;
			shellPath = /bin/sh;
			shellScript = "diff \"${PODS_PODFILE_DIR_PATH}/Podfile.lock\" \"${PODS_ROOT}/Manifest.lock\" > /dev/null\nif [ $? != 0 ] ; then\n    # print error to STDERR\n    echo \"error: The sandbox is not in sync with the Podfile.lock. Run 'pod install' or update your CocoaPods installation.\" >&2\n    exit 1\nfi\n# This output is used by Xcode 'outputs' to avoid re-running this script phase.\necho \"SUCCESS\" > \"${SCRIPT_OUTPUT_FILE_0}\"\n";
			showEnvVarsInLog = 0;
		};
		D0E7268E6A8B6AED7FC60532 /* [CP] Embed Pods Frameworks */ = {
			isa = PBXShellScriptBuildPhase;
			buildActionMask = 2147483647;
			files = (
			);
			inputFileListPaths = (
				"${PODS_ROOT}/Target Support Files/Pods-MarvelApp/Pods-MarvelApp-frameworks-${CONFIGURATION}-input-files.xcfilelist",
			);
			name = "[CP] Embed Pods Frameworks";
			outputFileListPaths = (
				"${PODS_ROOT}/Target Support Files/Pods-MarvelApp/Pods-MarvelApp-frameworks-${CONFIGURATION}-output-files.xcfilelist",
			);
			runOnlyForDeploymentPostprocessing = 0;
			shellPath = /bin/sh;
			shellScript = "\"${PODS_ROOT}/Target Support Files/Pods-MarvelApp/Pods-MarvelApp-frameworks.sh\"\n";
			showEnvVarsInLog = 0;
		};
/* End PBXShellScriptBuildPhase section */

/* Begin PBXSourcesBuildPhase section */
		116BACF225DB393800CDB67A /* Sources */ = {
			isa = PBXSourcesBuildPhase;
			buildActionMask = 2147483647;
			files = (
				116BACFD25DB393800CDB67A /* MarvelWidget.swift in Sources */,
			);
			runOnlyForDeploymentPostprocessing = 0;
		};
		11FF3A5525D737B900C4DBE5 /* Sources */ = {
			isa = PBXSourcesBuildPhase;
			buildActionMask = 2147483647;
			files = (
				1103B77C25D99A68002C718A /* AlertCell.swift in Sources */,
				116BACCE25DAFD4B00CDB67A /* CustomLayout.swift in Sources */,
				1103B77625D99A20002C718A /* FavoriteRouter.swift in Sources */,
				113B236525D9BF64000BE587 /* MainTabBarController.swift in Sources */,
				118B4D4525DAC0D0009939BB /* LoadingCell.swift in Sources */,
				111DAAD325DA4D15006A9E84 /* ResultExtras.swift in Sources */,
				11FF3AB425D7485200C4DBE5 /* ListCharacterPresenter.swift in Sources */,
				113B235025D9A73A000BE587 /* CharacterCell.swift in Sources */,
				1133239C25DA1E6A00783BDE /* ExtrasCollectionViewController.swift in Sources */,
				113323AB25DA205200783BDE /* DetailCharacterRouter.swift in Sources */,
				116BACD325DB097500CDB67A /* Endpoint.swift in Sources */,
				113B237525D9CCCF000BE587 /* Constantes.swift in Sources */,
				118B4D5D25DAF010009939BB /* NetworkManager.swift in Sources */,
				11FCA74225D7817700BDD6E2 /* ListCharactersProtocol.swift in Sources */,
				11FF3AAF25D7483100C4DBE5 /* ListCharactersViewController.swift in Sources */,
				11FCA6D725D75B8800BDD6E2 /* Character.swift in Sources */,
				1103B75025D8F443002C718A /* FavoriteCharacter.swift in Sources */,
				116BACDB25DB0F1000CDB67A /* SeriesCollectionViewController.swift in Sources */,
				1103B76C25D99A07002C718A /* FavoritePresenter.swift in Sources */,
				1103B72E25D857D3002C718A /* CustomFlowLayout.swift in Sources */,
				1103B77125D99A14002C718A /* FavoriteInteractor.swift in Sources */,
				11FF3A5D25D737B900C4DBE5 /* AppDelegate.swift in Sources */,
				113B235B25D9AB8B000BE587 /* NibReusable.swift in Sources */,
				113323BB25DA362800783BDE /* Extras.swift in Sources */,
				11FCA70A25D76BBD00BDD6E2 /* StringExtension.swift in Sources */,
				11FF3AB925D7487500C4DBE5 /* ListCharactersInteractor.swift in Sources */,
				1103B76725D999EA002C718A /* FavoriteViewController.swift in Sources */,
				113323A125DA203900783BDE /* DetailCharacterPresenter.swift in Sources */,
				11FCA70425D76B4400BDD6E2 /* Result.swift in Sources */,
				113B236025D9AEAE000BE587 /* FavoriteProtocol.swift in Sources */,
				113323B025DA206400783BDE /* DetailCharacterProtocol.swift in Sources */,
				1133239725DA1D9A00783BDE /* DetailCharacterTableViewController.swift in Sources */,
				11FF3A5F25D737B900C4DBE5 /* SceneDelegate.swift in Sources */,
				113323A625DA204600783BDE /* DetailCharacterInteractor.swift in Sources */,
				1103B75D25D8F62C002C718A /* Database.swift in Sources */,
				11FCA74F25D7856300BDD6E2 /* ListCharactersRouter.swift in Sources */,
			);
			runOnlyForDeploymentPostprocessing = 0;
		};
		11FF3A6B25D737BC00C4DBE5 /* Sources */ = {
			isa = PBXSourcesBuildPhase;
			buildActionMask = 2147483647;
			files = (
				11FF3A7425D737BC00C4DBE5 /* MarvelAppTests.swift in Sources */,
				116BACEE25DB13C000CDB67A /* FavoriteTest.swift in Sources */,
			);
			runOnlyForDeploymentPostprocessing = 0;
		};
		11FF3A7625D737BC00C4DBE5 /* Sources */ = {
			isa = PBXSourcesBuildPhase;
			buildActionMask = 2147483647;
			files = (
				11FF3A7F25D737BC00C4DBE5 /* MarvelAppUITests.swift in Sources */,
			);
			runOnlyForDeploymentPostprocessing = 0;
		};
/* End PBXSourcesBuildPhase section */

/* Begin PBXTargetDependency section */
		116BAD0225DB393D00CDB67A /* PBXTargetDependency */ = {
			isa = PBXTargetDependency;
			target = 116BACF525DB393800CDB67A /* MarvelWidgetExtension */;
			targetProxy = 116BAD0125DB393D00CDB67A /* PBXContainerItemProxy */;
		};
		11FF3A7125D737BC00C4DBE5 /* PBXTargetDependency */ = {
			isa = PBXTargetDependency;
			target = 11FF3A5825D737B900C4DBE5 /* MarvelApp */;
			targetProxy = 11FF3A7025D737BC00C4DBE5 /* PBXContainerItemProxy */;
		};
		11FF3A7C25D737BC00C4DBE5 /* PBXTargetDependency */ = {
			isa = PBXTargetDependency;
			target = 11FF3A5825D737B900C4DBE5 /* MarvelApp */;
			targetProxy = 11FF3A7B25D737BC00C4DBE5 /* PBXContainerItemProxy */;
		};
/* End PBXTargetDependency section */

/* Begin PBXVariantGroup section */
		11FF3A6225D737B900C4DBE5 /* Main.storyboard */ = {
			isa = PBXVariantGroup;
			children = (
				11FF3A6325D737B900C4DBE5 /* Base */,
			);
			name = Main.storyboard;
			sourceTree = "<group>";
		};
		11FF3A6725D737BB00C4DBE5 /* LaunchScreen.storyboard */ = {
			isa = PBXVariantGroup;
			children = (
				11FF3A6825D737BB00C4DBE5 /* Base */,
			);
			name = LaunchScreen.storyboard;
			sourceTree = "<group>";
		};
/* End PBXVariantGroup section */

/* Begin XCBuildConfiguration section */
		116BAD0525DB393D00CDB67A /* Debug */ = {
			isa = XCBuildConfiguration;
			buildSettings = {
				ASSETCATALOG_COMPILER_GLOBAL_ACCENT_COLOR_NAME = AccentColor;
				ASSETCATALOG_COMPILER_WIDGET_BACKGROUND_COLOR_NAME = WidgetBackground;
				CODE_SIGN_ENTITLEMENTS = MarvelWidgetExtension.entitlements;
				CODE_SIGN_STYLE = Automatic;
				DEVELOPMENT_TEAM = KW44L7584U;
				INFOPLIST_FILE = MarvelWidget/Info.plist;
				IPHONEOS_DEPLOYMENT_TARGET = 14.3;
				LD_RUNPATH_SEARCH_PATHS = (
					"$(inherited)",
					"@executable_path/Frameworks",
					"@executable_path/../../Frameworks",
				);
				PRODUCT_BUNDLE_IDENTIFIER = com.MarvelApp.MarvelWidget;
				PRODUCT_NAME = "$(TARGET_NAME)";
				SKIP_INSTALL = YES;
				SWIFT_VERSION = 5.0;
				TARGETED_DEVICE_FAMILY = "1,2";
			};
			name = Debug;
		};
		116BAD0625DB393D00CDB67A /* Release */ = {
			isa = XCBuildConfiguration;
			buildSettings = {
				ASSETCATALOG_COMPILER_GLOBAL_ACCENT_COLOR_NAME = AccentColor;
				ASSETCATALOG_COMPILER_WIDGET_BACKGROUND_COLOR_NAME = WidgetBackground;
				CODE_SIGN_ENTITLEMENTS = MarvelWidgetExtension.entitlements;
				CODE_SIGN_STYLE = Automatic;
				DEVELOPMENT_TEAM = KW44L7584U;
				INFOPLIST_FILE = MarvelWidget/Info.plist;
				IPHONEOS_DEPLOYMENT_TARGET = 14.3;
				LD_RUNPATH_SEARCH_PATHS = (
					"$(inherited)",
					"@executable_path/Frameworks",
					"@executable_path/../../Frameworks",
				);
				PRODUCT_BUNDLE_IDENTIFIER = com.MarvelApp.MarvelWidget;
				PRODUCT_NAME = "$(TARGET_NAME)";
				SKIP_INSTALL = YES;
				SWIFT_VERSION = 5.0;
				TARGETED_DEVICE_FAMILY = "1,2";
			};
			name = Release;
		};
		11FF3A8125D737BC00C4DBE5 /* Debug */ = {
			isa = XCBuildConfiguration;
			buildSettings = {
				ALWAYS_SEARCH_USER_PATHS = NO;
				CLANG_ANALYZER_NONNULL = YES;
				CLANG_ANALYZER_NUMBER_OBJECT_CONVERSION = YES_AGGRESSIVE;
				CLANG_CXX_LANGUAGE_STANDARD = "gnu++14";
				CLANG_CXX_LIBRARY = "libc++";
				CLANG_ENABLE_MODULES = YES;
				CLANG_ENABLE_OBJC_ARC = YES;
				CLANG_ENABLE_OBJC_WEAK = YES;
				CLANG_WARN_BLOCK_CAPTURE_AUTORELEASING = YES;
				CLANG_WARN_BOOL_CONVERSION = YES;
				CLANG_WARN_COMMA = YES;
				CLANG_WARN_CONSTANT_CONVERSION = YES;
				CLANG_WARN_DEPRECATED_OBJC_IMPLEMENTATIONS = YES;
				CLANG_WARN_DIRECT_OBJC_ISA_USAGE = YES_ERROR;
				CLANG_WARN_DOCUMENTATION_COMMENTS = YES;
				CLANG_WARN_EMPTY_BODY = YES;
				CLANG_WARN_ENUM_CONVERSION = YES;
				CLANG_WARN_INFINITE_RECURSION = YES;
				CLANG_WARN_INT_CONVERSION = YES;
				CLANG_WARN_NON_LITERAL_NULL_CONVERSION = YES;
				CLANG_WARN_OBJC_IMPLICIT_RETAIN_SELF = YES;
				CLANG_WARN_OBJC_LITERAL_CONVERSION = YES;
				CLANG_WARN_OBJC_ROOT_CLASS = YES_ERROR;
				CLANG_WARN_QUOTED_INCLUDE_IN_FRAMEWORK_HEADER = YES;
				CLANG_WARN_RANGE_LOOP_ANALYSIS = YES;
				CLANG_WARN_STRICT_PROTOTYPES = YES;
				CLANG_WARN_SUSPICIOUS_MOVE = YES;
				CLANG_WARN_UNGUARDED_AVAILABILITY = YES_AGGRESSIVE;
				CLANG_WARN_UNREACHABLE_CODE = YES;
				CLANG_WARN__DUPLICATE_METHOD_MATCH = YES;
				COPY_PHASE_STRIP = NO;
				DEBUG_INFORMATION_FORMAT = dwarf;
				ENABLE_STRICT_OBJC_MSGSEND = YES;
				ENABLE_TESTABILITY = YES;
				GCC_C_LANGUAGE_STANDARD = gnu11;
				GCC_DYNAMIC_NO_PIC = NO;
				GCC_NO_COMMON_BLOCKS = YES;
				GCC_OPTIMIZATION_LEVEL = 0;
				GCC_PREPROCESSOR_DEFINITIONS = (
					"DEBUG=1",
					"$(inherited)",
				);
				GCC_WARN_64_TO_32_BIT_CONVERSION = YES;
				GCC_WARN_ABOUT_RETURN_TYPE = YES_ERROR;
				GCC_WARN_UNDECLARED_SELECTOR = YES;
				GCC_WARN_UNINITIALIZED_AUTOS = YES_AGGRESSIVE;
				GCC_WARN_UNUSED_FUNCTION = YES;
				GCC_WARN_UNUSED_VARIABLE = YES;
				IPHONEOS_DEPLOYMENT_TARGET = 13.6;
				MTL_ENABLE_DEBUG_INFO = INCLUDE_SOURCE;
				MTL_FAST_MATH = YES;
				ONLY_ACTIVE_ARCH = YES;
				SDKROOT = iphoneos;
				SWIFT_ACTIVE_COMPILATION_CONDITIONS = DEBUG;
				SWIFT_OPTIMIZATION_LEVEL = "-Onone";
			};
			name = Debug;
		};
		11FF3A8225D737BC00C4DBE5 /* Release */ = {
			isa = XCBuildConfiguration;
			buildSettings = {
				ALWAYS_SEARCH_USER_PATHS = NO;
				CLANG_ANALYZER_NONNULL = YES;
				CLANG_ANALYZER_NUMBER_OBJECT_CONVERSION = YES_AGGRESSIVE;
				CLANG_CXX_LANGUAGE_STANDARD = "gnu++14";
				CLANG_CXX_LIBRARY = "libc++";
				CLANG_ENABLE_MODULES = YES;
				CLANG_ENABLE_OBJC_ARC = YES;
				CLANG_ENABLE_OBJC_WEAK = YES;
				CLANG_WARN_BLOCK_CAPTURE_AUTORELEASING = YES;
				CLANG_WARN_BOOL_CONVERSION = YES;
				CLANG_WARN_COMMA = YES;
				CLANG_WARN_CONSTANT_CONVERSION = YES;
				CLANG_WARN_DEPRECATED_OBJC_IMPLEMENTATIONS = YES;
				CLANG_WARN_DIRECT_OBJC_ISA_USAGE = YES_ERROR;
				CLANG_WARN_DOCUMENTATION_COMMENTS = YES;
				CLANG_WARN_EMPTY_BODY = YES;
				CLANG_WARN_ENUM_CONVERSION = YES;
				CLANG_WARN_INFINITE_RECURSION = YES;
				CLANG_WARN_INT_CONVERSION = YES;
				CLANG_WARN_NON_LITERAL_NULL_CONVERSION = YES;
				CLANG_WARN_OBJC_IMPLICIT_RETAIN_SELF = YES;
				CLANG_WARN_OBJC_LITERAL_CONVERSION = YES;
				CLANG_WARN_OBJC_ROOT_CLASS = YES_ERROR;
				CLANG_WARN_QUOTED_INCLUDE_IN_FRAMEWORK_HEADER = YES;
				CLANG_WARN_RANGE_LOOP_ANALYSIS = YES;
				CLANG_WARN_STRICT_PROTOTYPES = YES;
				CLANG_WARN_SUSPICIOUS_MOVE = YES;
				CLANG_WARN_UNGUARDED_AVAILABILITY = YES_AGGRESSIVE;
				CLANG_WARN_UNREACHABLE_CODE = YES;
				CLANG_WARN__DUPLICATE_METHOD_MATCH = YES;
				COPY_PHASE_STRIP = NO;
				DEBUG_INFORMATION_FORMAT = "dwarf-with-dsym";
				ENABLE_NS_ASSERTIONS = NO;
				ENABLE_STRICT_OBJC_MSGSEND = YES;
				GCC_C_LANGUAGE_STANDARD = gnu11;
				GCC_NO_COMMON_BLOCKS = YES;
				GCC_WARN_64_TO_32_BIT_CONVERSION = YES;
				GCC_WARN_ABOUT_RETURN_TYPE = YES_ERROR;
				GCC_WARN_UNDECLARED_SELECTOR = YES;
				GCC_WARN_UNINITIALIZED_AUTOS = YES_AGGRESSIVE;
				GCC_WARN_UNUSED_FUNCTION = YES;
				GCC_WARN_UNUSED_VARIABLE = YES;
				IPHONEOS_DEPLOYMENT_TARGET = 13.6;
				MTL_ENABLE_DEBUG_INFO = NO;
				MTL_FAST_MATH = YES;
				SDKROOT = iphoneos;
				SWIFT_COMPILATION_MODE = wholemodule;
				SWIFT_OPTIMIZATION_LEVEL = "-O";
				VALIDATE_PRODUCT = YES;
			};
			name = Release;
		};
		11FF3A8425D737BC00C4DBE5 /* Debug */ = {
			isa = XCBuildConfiguration;
			baseConfigurationReference = E879E76BBF356B5AFBC52147 /* Pods-MarvelApp.debug.xcconfig */;
			buildSettings = {
				ALWAYS_EMBED_SWIFT_STANDARD_LIBRARIES = YES;
				ASSETCATALOG_COMPILER_APPICON_NAME = AppIcon;
				ASSETCATALOG_COMPILER_GLOBAL_ACCENT_COLOR_NAME = AccentColor;
				CODE_SIGN_ENTITLEMENTS = MarvelApp/MarvelApp.entitlements;
				CODE_SIGN_STYLE = Automatic;
				DEVELOPMENT_TEAM = KW44L7584U;
				INFOPLIST_FILE = MarvelApp/Info.plist;
				LD_RUNPATH_SEARCH_PATHS = (
					"$(inherited)",
					"@executable_path/Frameworks",
				);
				PRODUCT_BUNDLE_IDENTIFIER = com.MarvelApp;
				PRODUCT_NAME = "$(TARGET_NAME)";
				SWIFT_VERSION = 5.0;
				TARGETED_DEVICE_FAMILY = "1,2";
			};
			name = Debug;
		};
		11FF3A8525D737BC00C4DBE5 /* Release */ = {
			isa = XCBuildConfiguration;
			baseConfigurationReference = 95DECADC2EE6986524A7B3B8 /* Pods-MarvelApp.release.xcconfig */;
			buildSettings = {
				ALWAYS_EMBED_SWIFT_STANDARD_LIBRARIES = YES;
				ASSETCATALOG_COMPILER_APPICON_NAME = AppIcon;
				ASSETCATALOG_COMPILER_GLOBAL_ACCENT_COLOR_NAME = AccentColor;
				CODE_SIGN_ENTITLEMENTS = MarvelApp/MarvelApp.entitlements;
				CODE_SIGN_STYLE = Automatic;
				DEVELOPMENT_TEAM = KW44L7584U;
				INFOPLIST_FILE = MarvelApp/Info.plist;
				LD_RUNPATH_SEARCH_PATHS = (
					"$(inherited)",
					"@executable_path/Frameworks",
				);
				PRODUCT_BUNDLE_IDENTIFIER = com.MarvelApp;
				PRODUCT_NAME = "$(TARGET_NAME)";
				SWIFT_VERSION = 5.0;
				TARGETED_DEVICE_FAMILY = "1,2";
			};
			name = Release;
		};
		11FF3A8725D737BC00C4DBE5 /* Debug */ = {
			isa = XCBuildConfiguration;
			buildSettings = {
				ALWAYS_EMBED_SWIFT_STANDARD_LIBRARIES = YES;
				BUNDLE_LOADER = "$(TEST_HOST)";
				CODE_SIGN_STYLE = Automatic;
				DEVELOPMENT_TEAM = 4RLR8FUC4X;
				INFOPLIST_FILE = MarvelAppTests/Info.plist;
				IPHONEOS_DEPLOYMENT_TARGET = 14.3;
				LD_RUNPATH_SEARCH_PATHS = (
					"$(inherited)",
					"@executable_path/Frameworks",
					"@loader_path/Frameworks",
				);
				PRODUCT_BUNDLE_IDENTIFIER = com.MarvelAppTests;
				PRODUCT_NAME = "$(TARGET_NAME)";
				SWIFT_VERSION = 5.0;
				TARGETED_DEVICE_FAMILY = "1,2";
				TEST_HOST = "$(BUILT_PRODUCTS_DIR)/MarvelApp.app/MarvelApp";
			};
			name = Debug;
		};
		11FF3A8825D737BC00C4DBE5 /* Release */ = {
			isa = XCBuildConfiguration;
			buildSettings = {
				ALWAYS_EMBED_SWIFT_STANDARD_LIBRARIES = YES;
				BUNDLE_LOADER = "$(TEST_HOST)";
				CODE_SIGN_STYLE = Automatic;
				DEVELOPMENT_TEAM = 4RLR8FUC4X;
				INFOPLIST_FILE = MarvelAppTests/Info.plist;
				IPHONEOS_DEPLOYMENT_TARGET = 14.3;
				LD_RUNPATH_SEARCH_PATHS = (
					"$(inherited)",
					"@executable_path/Frameworks",
					"@loader_path/Frameworks",
				);
				PRODUCT_BUNDLE_IDENTIFIER = com.MarvelAppTests;
				PRODUCT_NAME = "$(TARGET_NAME)";
				SWIFT_VERSION = 5.0;
				TARGETED_DEVICE_FAMILY = "1,2";
				TEST_HOST = "$(BUILT_PRODUCTS_DIR)/MarvelApp.app/MarvelApp";
			};
			name = Release;
		};
		11FF3A8A25D737BC00C4DBE5 /* Debug */ = {
			isa = XCBuildConfiguration;
			buildSettings = {
				ALWAYS_EMBED_SWIFT_STANDARD_LIBRARIES = YES;
				CODE_SIGN_STYLE = Automatic;
				DEVELOPMENT_TEAM = 4RLR8FUC4X;
				INFOPLIST_FILE = MarvelAppUITests/Info.plist;
				LD_RUNPATH_SEARCH_PATHS = (
					"$(inherited)",
					"@executable_path/Frameworks",
					"@loader_path/Frameworks",
				);
				PRODUCT_BUNDLE_IDENTIFIER = com.MarvelAppUITests;
				PRODUCT_NAME = "$(TARGET_NAME)";
				SWIFT_VERSION = 5.0;
				TARGETED_DEVICE_FAMILY = "1,2";
				TEST_TARGET_NAME = MarvelApp;
			};
			name = Debug;
		};
		11FF3A8B25D737BC00C4DBE5 /* Release */ = {
			isa = XCBuildConfiguration;
			buildSettings = {
				ALWAYS_EMBED_SWIFT_STANDARD_LIBRARIES = YES;
				CODE_SIGN_STYLE = Automatic;
				DEVELOPMENT_TEAM = 4RLR8FUC4X;
				INFOPLIST_FILE = MarvelAppUITests/Info.plist;
				LD_RUNPATH_SEARCH_PATHS = (
					"$(inherited)",
					"@executable_path/Frameworks",
					"@loader_path/Frameworks",
				);
				PRODUCT_BUNDLE_IDENTIFIER = com.MarvelAppUITests;
				PRODUCT_NAME = "$(TARGET_NAME)";
				SWIFT_VERSION = 5.0;
				TARGETED_DEVICE_FAMILY = "1,2";
				TEST_TARGET_NAME = MarvelApp;
			};
			name = Release;
		};
/* End XCBuildConfiguration section */

/* Begin XCConfigurationList section */
		116BAD0425DB393D00CDB67A /* Build configuration list for PBXNativeTarget "MarvelWidgetExtension" */ = {
			isa = XCConfigurationList;
			buildConfigurations = (
				116BAD0525DB393D00CDB67A /* Debug */,
				116BAD0625DB393D00CDB67A /* Release */,
			);
			defaultConfigurationIsVisible = 0;
			defaultConfigurationName = Release;
		};
		11FF3A5425D737B900C4DBE5 /* Build configuration list for PBXProject "MarvelApp" */ = {
			isa = XCConfigurationList;
			buildConfigurations = (
				11FF3A8125D737BC00C4DBE5 /* Debug */,
				11FF3A8225D737BC00C4DBE5 /* Release */,
			);
			defaultConfigurationIsVisible = 0;
			defaultConfigurationName = Release;
		};
		11FF3A8325D737BC00C4DBE5 /* Build configuration list for PBXNativeTarget "MarvelApp" */ = {
			isa = XCConfigurationList;
			buildConfigurations = (
				11FF3A8425D737BC00C4DBE5 /* Debug */,
				11FF3A8525D737BC00C4DBE5 /* Release */,
			);
			defaultConfigurationIsVisible = 0;
			defaultConfigurationName = Release;
		};
		11FF3A8625D737BC00C4DBE5 /* Build configuration list for PBXNativeTarget "MarvelAppTests" */ = {
			isa = XCConfigurationList;
			buildConfigurations = (
				11FF3A8725D737BC00C4DBE5 /* Debug */,
				11FF3A8825D737BC00C4DBE5 /* Release */,
			);
			defaultConfigurationIsVisible = 0;
			defaultConfigurationName = Release;
		};
		11FF3A8925D737BC00C4DBE5 /* Build configuration list for PBXNativeTarget "MarvelAppUITests" */ = {
			isa = XCConfigurationList;
			buildConfigurations = (
				11FF3A8A25D737BC00C4DBE5 /* Debug */,
				11FF3A8B25D737BC00C4DBE5 /* Release */,
			);
			defaultConfigurationIsVisible = 0;
			defaultConfigurationName = Release;
		};
/* End XCConfigurationList section */
	};
	rootObject = 11FF3A5125D737B900C4DBE5 /* Project object */;
}
